
Microsoft Visual Studio Solution File, Format Version 12.00
Project("{FAE04EC0-301F-11D3-BF4B-00C04F79EFBC}") = "r-tree", "r-tree\r-tree.csproj", "{5F18F8DD-B2DC-48E3-AAE8-1250AD907702}"
EndProject
Global
	GlobalSection(SolutionConfigurationPlatforms) = preSolution
		Debug|Any CPU = Debug|Any CPU
		Release|Any CPU = Release|Any CPU
	EndGlobalSection
	GlobalSection(ProjectConfigurationPlatforms) = postSolution
		{5F18F8DD-B2DC-48E3-AAE8-1250AD907702}.Debug|Any CPU.ActiveCfg = Debug|Any CPU
		{5F18F8DD-B2DC-48E3-AAE8-1250AD907702}.Debug|Any CPU.Build.0 = Debug|Any CPU
		{5F18F8DD-B2DC-48E3-AAE8-1250AD907702}.Release|Any CPU.ActiveCfg = Release|Any CPU
		{5F18F8DD-B2DC-48E3-AAE8-1250AD907702}.Release|Any CPU.Build.0 = Release|Any CPU
	EndGlobalSection
EndGlobal
